lockfileVersion: '9.0'

settings:
  autoInstallPeers: true
  excludeLinksFromLockfile: false

importers:

  .:
    dependencies:
      '@vue/reactivity':
        specifier: ^3.4.34
        version: 3.4.34

packages:

  '@vue/reactivity@3.4.34':
    resolution: {integrity: sha512-ua+Lo+wBRlBEX9TtgPOShE2JwIO7p6BTZ7t1KZVPoaBRfqbC7N3c8Mpzicx173fXxx5VXeU6ykiHo7WgLzJQDA==}

  '@vue/shared@3.4.34':
    resolution: {integrity: sha512-x5LmiRLpRsd9KTjAB8MPKf0CDPMcuItjP0gbNqFCIgL1I8iYp4zglhj9w9FPCdIbHG2M91RVeIbArFfFTz9I3A==}

snapshots:

  '@vue/reactivity@3.4.34':
    dependencies:
      '@vue/shared': 3.4.34

  '@vue/shared@3.4.34': {}
